
Microsoft Visual Studio Solution File, Format Version 12.00
# Visual Studio Version 16
VisualStudioVersion = 16.0.31624.102
MinimumVisualStudioVersion = 10.0.40219.1
Project("{9A19103F-16F7-4668-BE54-9A1E7A4F7556}") = "BookLoanManagement.Server", "BookLoanManagement\Server\BookLoanManagement.Server.csproj", "{881C3ACA-51F7-4A3B-B0C0-815C714B3BB7}"
EndProject
Project("{9A19103F-16F7-4668-BE54-9A1E7A4F7556}") = "BookLoanManagement.Client", "BookLoanManagement\Client\BookLoanManagement.Client.csproj", "{1853DC2D-FA8A-450A-A1F7-3D4875D46914}"
EndProject
Project("{9A19103F-16F7-4668-BE54-9A1E7A4F7556}") = "BookLoanManagement.Shared", "BookLoanManagement\Shared\BookLoanManagement.Shared.csproj", "{DF22E897-9498-4E9F-95BA-094C91028A94}"
EndProject
Global
	GlobalSection(SolutionConfigurationPlatforms) = preSolution
		Debug|Any CPU = Debug|Any CPU
		Release|Any CPU = Release|Any CPU
	EndGlobalSection
	GlobalSection(ProjectConfigurationPlatforms) = postSolution
		{881C3ACA-51F7-4A3B-B0C0-815C714B3BB7}.Debug|Any CPU.ActiveCfg = Debug|Any CPU
		{881C3ACA-51F7-4A3B-B0C0-815C714B3BB7}.Debug|Any CPU.Build.0 = Debug|Any CPU
		{881C3ACA-51F7-4A3B-B0C0-815C714B3BB7}.Release|Any CPU.ActiveCfg = Release|Any CPU
		{881C3ACA-51F7-4A3B-B0C0-815C714B3BB7}.Release|Any CPU.Build.0 = Release|Any CPU
		{1853DC2D-FA8A-450A-A1F7-3D4875D46914}.Debug|Any CPU.ActiveCfg = Debug|Any CPU
		{1853DC2D-FA8A-450A-A1F7-3D4875D46914}.Debug|Any CPU.Build.0 = Debug|Any CPU
		{1853DC2D-FA8A-450A-A1F7-3D4875D46914}.Release|Any CPU.ActiveCfg = Release|Any CPU
		{1853DC2D-FA8A-450A-A1F7-3D4875D46914}.Release|Any CPU.Build.0 = Release|Any CPU
		{DF22E897-9498-4E9F-95BA-094C91028A94}.Debug|Any CPU.ActiveCfg = Debug|Any CPU
		{DF22E897-9498-4E9F-95BA-094C91028A94}.Debug|Any CPU.Build.0 = Debug|Any CPU
		{DF22E897-9498-4E9F-95BA-094C91028A94}.Release|Any CPU.ActiveCfg = Release|Any CPU
		{DF22E897-9498-4E9F-95BA-094C91028A94}.Release|Any CPU.Build.0 = Release|Any CPU
	EndGlobalSection
	GlobalSection(SolutionProperties) = preSolution
		HideSolutionNode = FALSE
	EndGlobalSection
	GlobalSection(ExtensibilityGlobals) = postSolution
		SolutionGuid = {3D5140D3-557D-4303-A287-158F90DA9526}
	EndGlobalSection
EndGlobal
